
Microsoft Visual Studio Solution File, Format Version 12.00
# Visual Studio Express 2012 for Web
Project("{FAE04EC0-301F-11D3-BF4B-00C04F79EFBC}") = "MvcApplication1", "MvcApplication1\MvcApplication1.csproj", "{9D2D3176-865B-4009-88D4-6941A3B1C0E7}"
EndProject
Project("{FAE04EC0-301F-11D3-BF4B-00C04F79EFBC}") = "MvcApplication1.Tests", "MvcApplication1.Tests\MvcApplication1.Tests.csproj", "{0502F341-8F60-4839-90C1-19677A629776}"
EndProject
Project("{FAE04EC0-301F-11D3-BF4B-00C04F79EFBC}") = "Core", "Core\Core.csproj", "{AA1ED7AB-F87F-40A5-857C-61B6244F5779}"
EndProject
Global
	GlobalSection(SolutionConfigurationPlatforms) = preSolution
		Debug|Any CPU = Debug|Any CPU
		Release|Any CPU = Release|Any CPU
	EndGlobalSection
	GlobalSection(ProjectConfigurationPlatforms) = postSolution
		{0502F341-8F60-4839-90C1-19677A629776}.Debug|Any CPU.ActiveCfg = Debug|Any CPU
		{0502F341-8F60-4839-90C1-19677A629776}.Debug|Any CPU.Build.0 = Debug|Any CPU
		{0502F341-8F60-4839-90C1-19677A629776}.Release|Any CPU.ActiveCfg = Release|Any CPU
		{0502F341-8F60-4839-90C1-19677A629776}.Release|Any CPU.Build.0 = Release|Any CPU
		{9D2D3176-865B-4009-88D4-6941A3B1C0E7}.Debug|Any CPU.ActiveCfg = Debug|Any CPU
		{9D2D3176-865B-4009-88D4-6941A3B1C0E7}.Debug|Any CPU.Build.0 = Debug|Any CPU
		{9D2D3176-865B-4009-88D4-6941A3B1C0E7}.Release|Any CPU.ActiveCfg = Release|Any CPU
		{9D2D3176-865B-4009-88D4-6941A3B1C0E7}.Release|Any CPU.Build.0 = Release|Any CPU
		{AA1ED7AB-F87F-40A5-857C-61B6244F5779}.Debug|Any CPU.ActiveCfg = Debug|Any CPU
		{AA1ED7AB-F87F-40A5-857C-61B6244F5779}.Debug|Any CPU.Build.0 = Debug|Any CPU
		{AA1ED7AB-F87F-40A5-857C-61B6244F5779}.Release|Any CPU.ActiveCfg = Release|Any CPU
		{AA1ED7AB-F87F-40A5-857C-61B6244F5779}.Release|Any CPU.Build.0 = Release|Any CPU
	EndGlobalSection
	GlobalSection(SolutionProperties) = preSolution
		HideSolutionNode = FALSE
	EndGlobalSection
EndGlobal
